
Microsoft Visual Studio Solution File, Format Version 12.00
# Visual Studio Version 17
VisualStudioVersion = 17.3.32901.215
MinimumVisualStudioVersion = 10.0.40219.1
Project("{FAE04EC0-301F-11D3-BF4B-00C04F79EFBC}") = "grid1", "grid1\grid1.csproj", "{D5A7A9AD-28E7-4570-B773-1BB3044CE659}"
EndProject
Global
	GlobalSection(SolutionConfigurationPlatforms) = preSolution
		Debug|Any CPU = Debug|Any CPU
		Release|Any CPU = Release|Any CPU
	EndGlobalSection
	GlobalSection(ProjectConfigurationPlatforms) = postSolution
		{D5A7A9AD-28E7-4570-B773-1BB3044CE659}.Debug|Any CPU.ActiveCfg = Debug|Any CPU
		{D5A7A9AD-28E7-4570-B773-1BB3044CE659}.Debug|Any CPU.Build.0 = Debug|Any CPU
		{D5A7A9AD-28E7-4570-B773-1BB3044CE659}.Release|Any CPU.ActiveCfg = Release|Any CPU
		{D5A7A9AD-28E7-4570-B773-1BB3044CE659}.Release|Any CPU.Build.0 = Release|Any CPU
	EndGlobalSection
	GlobalSection(SolutionProperties) = preSolution
		HideSolutionNode = FALSE
	EndGlobalSection
	GlobalSection(ExtensibilityGlobals) = postSolution
		SolutionGuid = {F50BB709-A5CA-40A9-8B7D-0FCC9846BDFA}
	EndGlobalSection
EndGlobal
